
Microsoft Visual Studio Solution File, Format Version 12.00
# Visual Studio 15
VisualStudioVersion = 15.0.26430.6
MinimumVisualStudioVersion = 10.0.40219.1
Project("{8BC9CEB8-8B4A-11D0-8D11-00A0C91BC942}") = "CH554_CDC_BusBridge", "CH554_CDC_BusBridge.vcxproj", "{600C7BD9-6E76-4D4A-AD7D-2CD9C0F2DF0D}"
EndProject
Global
	GlobalSection(SolutionConfigurationPlatforms) = preSolution
		Debug|x64 = Debug|x64
		Debug|x86 = Debug|x86
		Release|x64 = Release|x64
		Release|x86 = Release|x86
	EndGlobalSection
	GlobalSection(ProjectConfigurationPlatforms) = postSolution
		{600C7BD9-6E76-4D4A-AD7D-2CD9C0F2DF0D}.Debug|x64.ActiveCfg = Debug|x64
		{600C7BD9-6E76-4D4A-AD7D-2CD9C0F2DF0D}.Debug|x64.Build.0 = Debug|x64
		{600C7BD9-6E76-4D4A-AD7D-2CD9C0F2DF0D}.Debug|x86.ActiveCfg = Debug|Win32
		{600C7BD9-6E76-4D4A-AD7D-2CD9C0F2DF0D}.Debug|x86.Build.0 = Debug|Win32
		{600C7BD9-6E76-4D4A-AD7D-2CD9C0F2DF0D}.Release|x64.ActiveCfg = Release|x64
		{600C7BD9-6E76-4D4A-AD7D-2CD9C0F2DF0D}.Release|x64.Build.0 = Release|x64
		{600C7BD9-6E76-4D4A-AD7D-2CD9C0F2DF0D}.Release|x86.ActiveCfg = Release|Win32
		{600C7BD9-6E76-4D4A-AD7D-2CD9C0F2DF0D}.Release|x86.Build.0 = Release|Win32
	EndGlobalSection
	GlobalSection(SolutionProperties) = preSolution
		HideSolutionNode = FALSE
	EndGlobalSection
EndGlobal
